# This is a Gradle generated file for dependency locking.
# Manual edits can break the build and are not advised.
# This file is expected to be part of source control.
com.fasterxml.jackson.core:jackson-annotations:2.13.4=compileClasspath,minecraftLibraries,minecraftRuntimeLibraries
com.fasterxml.jackson.core:jackson-core:2.13.4=compileClasspath,minecraftLibraries,minecraftRuntimeLibraries
com.fasterxml.jackson.core:jackson-databind:2.13.4.2=compileClasspath,minecraftLibraries,minecraftRuntimeLibraries
com.github.oshi:oshi-core:6.6.5=compileClasspath,minecraftLibraries,minecraftRuntimeLibraries
com.github.stephenc.jcip:jcip-annotations:1.0-1=compileClasspath,minecraftLibraries,minecraftRuntimeLibraries
com.google.code.gson:gson:2.11.0=compileClasspath,minecraftLibraries,minecraftRuntimeLibraries
com.google.guava:failureaccess:1.0.2=compileClasspath,minecraftLibraries,minecraftRuntimeLibraries
com.google.guava:guava:33.3.1-jre=compileClasspath,minecraftLibraries,minecraftRuntimeLibraries
com.ibm.icu:icu4j:76.1=compileClasspath,minecraftLibraries,minecraftRuntimeLibraries
com.microsoft.azure:msal4j:1.17.2=compileClasspath,minecraftLibraries,minecraftRuntimeLibraries
com.mojang:authlib:6.0.58=compileClasspath,minecraftLibraries,minecraftRuntimeLibraries
com.mojang:blocklist:1.0.10=compileClasspath,minecraftLibraries,minecraftRuntimeLibraries
com.mojang:brigadier:1.3.10=compileClasspath,minecraftLibraries,minecraftRuntimeLibraries
com.mojang:datafixerupper:8.0.16=compileClasspath,minecraftLibraries,minecraftRuntimeLibraries
com.mojang:jtracy:1.0.29=compileClasspath,minecraftLibraries,minecraftRuntimeLibraries
com.mojang:logging:1.5.10=compileClasspath,minecraftLibraries,minecraftRuntimeLibraries
com.mojang:patchy:2.2.10=compileClasspath,minecraftLibraries,minecraftRuntimeLibraries
com.mojang:text2speech:1.18.11=compileClasspath,minecraftLibraries,minecraftRuntimeLibraries
com.nimbusds:content-type:2.3=compileClasspath,minecraftLibraries,minecraftRuntimeLibraries
com.nimbusds:lang-tag:1.7=compileClasspath,minecraftLibraries,minecraftRuntimeLibraries
com.nimbusds:nimbus-jose-jwt:9.40=compileClasspath,minecraftLibraries,minecraftRuntimeLibraries
com.nimbusds:oauth2-oidc-sdk:11.18=compileClasspath,minecraftLibraries,minecraftRuntimeLibraries
commons-codec:commons-codec:1.17.1=compileClasspath,minecraftLibraries,minecraftRuntimeLibraries
commons-io:commons-io:2.17.0=compileClasspath,minecraftLibraries,minecraftRuntimeLibraries
commons-logging:commons-logging:1.3.4=compileClasspath,minecraftLibraries,minecraftRuntimeLibraries
io.github.llamalad7:mixinextras-fabric:0.5.0=compileClasspath
io.netty:netty-buffer:4.1.118.Final=compileClasspath,minecraftLibraries,minecraftRuntimeLibraries
io.netty:netty-codec:4.1.118.Final=compileClasspath,minecraftLibraries,minecraftRuntimeLibraries
io.netty:netty-common:4.1.118.Final=compileClasspath,minecraftLibraries,minecraftRuntimeLibraries
io.netty:netty-handler:4.1.118.Final=compileClasspath,minecraftLibraries,minecraftRuntimeLibraries
io.netty:netty-resolver:4.1.118.Final=compileClasspath,minecraftLibraries,minecraftRuntimeLibraries
io.netty:netty-transport-classes-epoll:4.1.118.Final=compileClasspath,minecraftLibraries,minecraftRuntimeLibraries
io.netty:netty-transport-native-epoll:4.1.118.Final=compileClasspath,minecraftLibraries,minecraftRuntimeLibraries
io.netty:netty-transport-native-unix-common:4.1.118.Final=compileClasspath,minecraftLibraries,minecraftRuntimeLibraries
io.netty:netty-transport:4.1.118.Final=compileClasspath,minecraftLibraries,minecraftRuntimeLibraries
it.unimi.dsi:fastutil:8.5.15=compileClasspath,minecraftLibraries,minecraftRuntimeLibraries
net.fabricmc.fabric-api:fabric-api-base:0.5.0+cd8c0daa2c=modImplementation,modImplementationCopy,modImplementationCopy2,modImplementationCopy3,modImplementationCopy4
net.fabricmc.fabric-api:fabric-api-deprecated:0.133.4+1.21.8=modImplementation,modImplementationCopy,modImplementationCopy2,modImplementationCopy3,modImplementationCopy4
net.fabricmc.fabric-api:fabric-api-lookup-api-v1:1.6.101+946bf4c32c=modImplementation,modImplementationCopy,modImplementationCopy2,modImplementationCopy3,modImplementationCopy4
net.fabricmc.fabric-api:fabric-api:0.133.4+1.21.8=modImplementation,modImplementationCopy,modImplementationCopy2,modImplementationCopy3,modImplementationCopy4
net.fabricmc.fabric-api:fabric-biome-api-v1:16.0.11+946bf4c32c=modImplementation,modImplementationCopy,modImplementationCopy2,modImplementationCopy3,modImplementationCopy4
net.fabricmc.fabric-api:fabric-block-api-v1:1.1.3+946bf4c32c=modImplementation,modImplementationCopy,modImplementationCopy2,modImplementationCopy3,modImplementationCopy4
net.fabricmc.fabric-api:fabric-block-view-api-v2:1.0.31+946bf4c32c=modImplementation,modImplementationCopy,modImplementationCopy2,modImplementationCopy3,modImplementationCopy4
net.fabricmc.fabric-api:fabric-client-gametest-api-v1:4.2.5+8a98c3fc2c=modImplementation,modImplementationCopy,modImplementationCopy2,modImplementationCopy3,modImplementationCopy4
net.fabricmc.fabric-api:fabric-command-api-v2:2.3.1+52fff9ec2c=modImplementation,modImplementationCopy,modImplementationCopy2,modImplementationCopy3,modImplementationCopy4
net.fabricmc.fabric-api:fabric-content-registries-v0:10.1.0+c75de69d2c=modImplementation,modImplementationCopy,modImplementationCopy2,modImplementationCopy3,modImplementationCopy4
net.fabricmc.fabric-api:fabric-convention-tags-v1:2.1.41+7f945d5b2c=modImplementation,modImplementationCopy,modImplementationCopy2,modImplementationCopy3,modImplementationCopy4
net.fabricmc.fabric-api:fabric-convention-tags-v2:2.15.6+eb5df52f2c=modImplementation,modImplementationCopy,modImplementationCopy2,modImplementationCopy3,modImplementationCopy4
net.fabricmc.fabric-api:fabric-crash-report-info-v1:0.3.15+946bf4c32c=modImplementation,modImplementationCopy,modImplementationCopy2,modImplementationCopy3,modImplementationCopy4
net.fabricmc.fabric-api:fabric-data-attachment-api-v1:1.8.13+38b5f74e2c=modImplementation,modImplementationCopy,modImplementationCopy2,modImplementationCopy3,modImplementationCopy4
net.fabricmc.fabric-api:fabric-data-generation-api-v1:23.2.7+0b1ef9762c=modImplementation,modImplementationCopy,modImplementationCopy2,modImplementationCopy3,modImplementationCopy4
net.fabricmc.fabric-api:fabric-dimensions-v1:4.0.20+948fc79a2c=modImplementation,modImplementationCopy,modImplementationCopy2,modImplementationCopy3,modImplementationCopy4
net.fabricmc.fabric-api:fabric-entity-events-v1:2.1.2+c9e472732c=modImplementation,modImplementationCopy,modImplementationCopy2,modImplementationCopy3,modImplementationCopy4
net.fabricmc.fabric-api:fabric-events-interaction-v0:4.0.25+946bf4c32c=modImplementation,modImplementationCopy,modImplementationCopy2,modImplementationCopy3,modImplementationCopy4
net.fabricmc.fabric-api:fabric-game-rule-api-v1:1.0.73+c64c9c5b2c=modImplementation,modImplementationCopy,modImplementationCopy2,modImplementationCopy3,modImplementationCopy4
net.fabricmc.fabric-api:fabric-gametest-api-v1:3.1.10+39ce47f52c=modImplementation,modImplementationCopy,modImplementationCopy2,modImplementationCopy3,modImplementationCopy4
net.fabricmc.fabric-api:fabric-item-api-v1:11.5.0+02ce13f42c=modImplementation,modImplementationCopy,modImplementationCopy2,modImplementationCopy3,modImplementationCopy4
net.fabricmc.fabric-api:fabric-item-group-api-v1:4.2.14+c5f9bbc12c=modImplementation,modImplementationCopy,modImplementationCopy2,modImplementationCopy3,modImplementationCopy4
net.fabricmc.fabric-api:fabric-key-binding-api-v1:1.0.65+946bf4c32c=modImplementation,modImplementationCopy,modImplementationCopy2,modImplementationCopy3,modImplementationCopy4
net.fabricmc.fabric-api:fabric-lifecycle-events-v1:2.6.4+db4dfd852c=modImplementation,modImplementationCopy,modImplementationCopy2,modImplementationCopy3,modImplementationCopy4
net.fabricmc.fabric-api:fabric-loot-api-v2:3.0.56+3f89f5a52c=modImplementation,modImplementationCopy,modImplementationCopy2,modImplementationCopy3,modImplementationCopy4
net.fabricmc.fabric-api:fabric-loot-api-v3:2.0.3+946bf4c32c=modImplementation,modImplementationCopy,modImplementationCopy2,modImplementationCopy3,modImplementationCopy4
net.fabricmc.fabric-api:fabric-message-api-v1:6.1.2+946bf4c32c=modImplementation,modImplementationCopy,modImplementationCopy2,modImplementationCopy3,modImplementationCopy4
net.fabricmc.fabric-api:fabric-model-loading-api-v1:5.2.7+946bf4c32c=modImplementation,modImplementationCopy,modImplementationCopy2,modImplementationCopy3,modImplementationCopy4
net.fabricmc.fabric-api:fabric-networking-api-v1:5.0.3+4ddbf91b2c=modImplementation,modImplementationCopy,modImplementationCopy2,modImplementationCopy3,modImplementationCopy4
net.fabricmc.fabric-api:fabric-object-builder-api-v1:21.1.9+946bf4c32c=modImplementation,modImplementationCopy,modImplementationCopy2,modImplementationCopy3,modImplementationCopy4
net.fabricmc.fabric-api:fabric-particles-v1:4.1.9+946bf4c32c=modImplementation,modImplementationCopy,modImplementationCopy2,modImplementationCopy3,modImplementationCopy4
net.fabricmc.fabric-api:fabric-recipe-api-v1:8.1.16+946bf4c32c=modImplementation,modImplementationCopy,modImplementationCopy2,modImplementationCopy3,modImplementationCopy4
net.fabricmc.fabric-api:fabric-registry-sync-v0:6.1.29+946bf4c32c=modImplementation,modImplementationCopy,modImplementationCopy2,modImplementationCopy3,modImplementationCopy4
net.fabricmc.fabric-api:fabric-renderer-api-v1:7.0.4+208eed172c=modImplementation,modImplementationCopy,modImplementationCopy2,modImplementationCopy3,modImplementationCopy4
net.fabricmc.fabric-api:fabric-renderer-indigo:4.0.4+946bf4c32c=modImplementation,modImplementationCopy,modImplementationCopy2,modImplementationCopy3,modImplementationCopy4
net.fabricmc.fabric-api:fabric-rendering-fluids-v1:3.1.31+fa6cb72b2c=modImplementation,modImplementationCopy,modImplementationCopy2,modImplementationCopy3,modImplementationCopy4
net.fabricmc.fabric-api:fabric-rendering-v1:12.5.1+fbe231d52c=modImplementation,modImplementationCopy,modImplementationCopy2,modImplementationCopy3,modImplementationCopy4
net.fabricmc.fabric-api:fabric-resource-conditions-api-v1:5.0.25+98e6d6db2c=modImplementation,modImplementationCopy,modImplementationCopy2,modImplementationCopy3,modImplementationCopy4
net.fabricmc.fabric-api:fabric-resource-loader-v0:3.1.12+020423442c=modImplementation,modImplementationCopy,modImplementationCopy2,modImplementationCopy3,modImplementationCopy4
net.fabricmc.fabric-api:fabric-screen-api-v1:2.1.1+277ecf7d2c=modImplementation,modImplementationCopy,modImplementationCopy2,modImplementationCopy3,modImplementationCopy4
net.fabricmc.fabric-api:fabric-screen-handler-api-v1:1.3.138+946bf4c32c=modImplementation,modImplementationCopy,modImplementationCopy2,modImplementationCopy3,modImplementationCopy4
net.fabricmc.fabric-api:fabric-serialization-api-v1:1.0.0+fc0e5aba2c=modImplementation,modImplementationCopy,modImplementationCopy2,modImplementationCopy3,modImplementationCopy4
net.fabricmc.fabric-api:fabric-sound-api-v1:1.0.42+946bf4c32c=modImplementation,modImplementationCopy,modImplementationCopy2,modImplementationCopy3,modImplementationCopy4
net.fabricmc.fabric-api:fabric-tag-api-v1:1.2.2+946bf4c32c=modImplementation,modImplementationCopy,modImplementationCopy2,modImplementationCopy3,modImplementationCopy4
net.fabricmc.fabric-api:fabric-transfer-api-v1:6.0.6+946bf4c32c=modImplementation,modImplementationCopy,modImplementationCopy2,modImplementationCopy3,modImplementationCopy4
net.fabricmc.fabric-api:fabric-transitive-access-wideners-v1:6.5.0+c847ce762c=modImplementation,modImplementationCopy,modImplementationCopy2,modImplementationCopy3,modImplementationCopy4
net.fabricmc:fabric-loader:0.17.2=compileClasspath,modImplementation,modImplementationCopy,modImplementationCopy2,modImplementationCopy3,modImplementationCopy4
net.fabricmc:sponge-mixin:0.16.3+mixin.0.8.7=compileClasspath
net.fabricmc:yarn:1.21.8+build.1=compileClasspath,mappings
net.java.dev.jna:jna-platform:5.15.0=compileClasspath,minecraftLibraries,minecraftRuntimeLibraries
net.java.dev.jna:jna:5.15.0=compileClasspath,minecraftLibraries,minecraftRuntimeLibraries
net.minecraft:minecraft-merged-503b555a3d:1.21.8-net.fabricmc.yarn.1_21_8.1.21.8+build.1-v2=compileClasspath
net.minidev:accessors-smart:2.5.1=compileClasspath,minecraftLibraries,minecraftRuntimeLibraries
net.minidev:json-smart:2.5.1=compileClasspath,minecraftLibraries,minecraftRuntimeLibraries
net.sf.jopt-simple:jopt-simple:5.0.4=compileClasspath,minecraftLibraries,minecraftRuntimeLibraries
org.apache.commons:commons-compress:1.27.1=compileClasspath,minecraftLibraries,minecraftRuntimeLibraries
org.apache.commons:commons-lang3:3.17.0=compileClasspath,minecraftLibraries,minecraftRuntimeLibraries
org.apache.httpcomponents:httpclient:4.5.14=compileClasspath,minecraftLibraries,minecraftRuntimeLibraries
org.apache.httpcomponents:httpcore:4.4.16=compileClasspath,minecraftLibraries,minecraftRuntimeLibraries
org.apache.logging.log4j:log4j-api:2.24.1=compileClasspath,minecraftLibraries,minecraftRuntimeLibraries
org.apache.logging.log4j:log4j-core:2.24.1=compileClasspath,minecraftLibraries,minecraftRuntimeLibraries
org.apache.logging.log4j:log4j-slf4j2-impl:2.24.1=compileClasspath,minecraftLibraries,minecraftRuntimeLibraries
org.jcraft:jorbis:0.0.17=compileClasspath,minecraftLibraries,minecraftRuntimeLibraries
org.jetbrains:annotations:26.0.2=compileClasspath
org.joml:joml:1.10.8=compileClasspath,minecraftLibraries,minecraftRuntimeLibraries
org.lwjgl:lwjgl-freetype:3.3.3=compileClasspath,minecraftLibraries,minecraftRuntimeLibraries
org.lwjgl:lwjgl-glfw:3.3.3=compileClasspath,minecraftLibraries,minecraftRuntimeLibraries
org.lwjgl:lwjgl-jemalloc:3.3.3=compileClasspath,minecraftLibraries,minecraftRuntimeLibraries
org.lwjgl:lwjgl-openal:3.3.3=compileClasspath,minecraftLibraries,minecraftRuntimeLibraries
org.lwjgl:lwjgl-opengl:3.3.3=compileClasspath,minecraftLibraries,minecraftRuntimeLibraries
org.lwjgl:lwjgl-stb:3.3.3=compileClasspath,minecraftLibraries,minecraftRuntimeLibraries
org.lwjgl:lwjgl-tinyfd:3.3.3=compileClasspath,minecraftLibraries,minecraftRuntimeLibraries
org.lwjgl:lwjgl:3.3.3=compileClasspath,minecraftLibraries,minecraftRuntimeLibraries
org.lz4:lz4-java:1.8.0=compileClasspath,minecraftLibraries,minecraftRuntimeLibraries
org.ow2.asm:asm-analysis:9.8=compileClasspath
org.ow2.asm:asm-commons:9.8=compileClasspath
org.ow2.asm:asm-tree:9.8=compileClasspath
org.ow2.asm:asm-util:9.8=compileClasspath
org.ow2.asm:asm:9.6=minecraftLibraries,minecraftRuntimeLibraries
org.ow2.asm:asm:9.8=compileClasspath
org.slf4j:slf4j-api:2.0.16=compileClasspath,minecraftLibraries,minecraftRuntimeLibraries
remapped.net.fabricmc.fabric-api:fabric-api-a5b452c0:0.133.4+1.21.8=compileClasspath
remapped.net.fabricmc.fabric-api:fabric-api-base-a5b452c0:0.5.0+cd8c0daa2c=compileClasspath
remapped.net.fabricmc.fabric-api:fabric-api-lookup-api-v1-a5b452c0:1.6.101+946bf4c32c=compileClasspath
remapped.net.fabricmc.fabric-api:fabric-biome-api-v1-a5b452c0:16.0.11+946bf4c32c=compileClasspath
remapped.net.fabricmc.fabric-api:fabric-block-api-v1-a5b452c0:1.1.3+946bf4c32c=compileClasspath
remapped.net.fabricmc.fabric-api:fabric-block-view-api-v2-a5b452c0:1.0.31+946bf4c32c=compileClasspath
remapped.net.fabricmc.fabric-api:fabric-client-gametest-api-v1-a5b452c0:4.2.5+8a98c3fc2c=compileClasspath
remapped.net.fabricmc.fabric-api:fabric-command-api-v2-a5b452c0:2.3.1+52fff9ec2c=compileClasspath
remapped.net.fabricmc.fabric-api:fabric-content-registries-v0-a5b452c0:10.1.0+c75de69d2c=compileClasspath
remapped.net.fabricmc.fabric-api:fabric-convention-tags-v1-a5b452c0:2.1.41+7f945d5b2c=compileClasspath
remapped.net.fabricmc.fabric-api:fabric-convention-tags-v2-a5b452c0:2.15.6+eb5df52f2c=compileClasspath
remapped.net.fabricmc.fabric-api:fabric-crash-report-info-v1-a5b452c0:0.3.15+946bf4c32c=compileClasspath
remapped.net.fabricmc.fabric-api:fabric-data-attachment-api-v1-a5b452c0:1.8.13+38b5f74e2c=compileClasspath
remapped.net.fabricmc.fabric-api:fabric-data-generation-api-v1-a5b452c0:23.2.7+0b1ef9762c=compileClasspath
remapped.net.fabricmc.fabric-api:fabric-dimensions-v1-a5b452c0:4.0.20+948fc79a2c=compileClasspath
remapped.net.fabricmc.fabric-api:fabric-entity-events-v1-a5b452c0:2.1.2+c9e472732c=compileClasspath
remapped.net.fabricmc.fabric-api:fabric-events-interaction-v0-a5b452c0:4.0.25+946bf4c32c=compileClasspath
remapped.net.fabricmc.fabric-api:fabric-game-rule-api-v1-a5b452c0:1.0.73+c64c9c5b2c=compileClasspath
remapped.net.fabricmc.fabric-api:fabric-gametest-api-v1-a5b452c0:3.1.10+39ce47f52c=compileClasspath
remapped.net.fabricmc.fabric-api:fabric-item-api-v1-a5b452c0:11.5.0+02ce13f42c=compileClasspath
remapped.net.fabricmc.fabric-api:fabric-item-group-api-v1-a5b452c0:4.2.14+c5f9bbc12c=compileClasspath
remapped.net.fabricmc.fabric-api:fabric-key-binding-api-v1-a5b452c0:1.0.65+946bf4c32c=compileClasspath
remapped.net.fabricmc.fabric-api:fabric-lifecycle-events-v1-a5b452c0:2.6.4+db4dfd852c=compileClasspath
remapped.net.fabricmc.fabric-api:fabric-loot-api-v2-a5b452c0:3.0.56+3f89f5a52c=compileClasspath
remapped.net.fabricmc.fabric-api:fabric-loot-api-v3-a5b452c0:2.0.3+946bf4c32c=compileClasspath
remapped.net.fabricmc.fabric-api:fabric-message-api-v1-a5b452c0:6.1.2+946bf4c32c=compileClasspath
remapped.net.fabricmc.fabric-api:fabric-model-loading-api-v1-a5b452c0:5.2.7+946bf4c32c=compileClasspath
remapped.net.fabricmc.fabric-api:fabric-networking-api-v1-a5b452c0:5.0.3+4ddbf91b2c=compileClasspath
remapped.net.fabricmc.fabric-api:fabric-object-builder-api-v1-a5b452c0:21.1.9+946bf4c32c=compileClasspath
remapped.net.fabricmc.fabric-api:fabric-particles-v1-a5b452c0:4.1.9+946bf4c32c=compileClasspath
remapped.net.fabricmc.fabric-api:fabric-recipe-api-v1-a5b452c0:8.1.16+946bf4c32c=compileClasspath
remapped.net.fabricmc.fabric-api:fabric-registry-sync-v0-a5b452c0:6.1.29+946bf4c32c=compileClasspath
remapped.net.fabricmc.fabric-api:fabric-renderer-api-v1-a5b452c0:7.0.4+208eed172c=compileClasspath
remapped.net.fabricmc.fabric-api:fabric-renderer-indigo-a5b452c0:4.0.4+946bf4c32c=compileClasspath
remapped.net.fabricmc.fabric-api:fabric-rendering-fluids-v1-a5b452c0:3.1.31+fa6cb72b2c=compileClasspath
remapped.net.fabricmc.fabric-api:fabric-rendering-v1-a5b452c0:12.5.1+fbe231d52c=compileClasspath
remapped.net.fabricmc.fabric-api:fabric-resource-conditions-api-v1-a5b452c0:5.0.25+98e6d6db2c=compileClasspath
remapped.net.fabricmc.fabric-api:fabric-resource-loader-v0-a5b452c0:3.1.12+020423442c=compileClasspath
remapped.net.fabricmc.fabric-api:fabric-screen-api-v1-a5b452c0:2.1.1+277ecf7d2c=compileClasspath
remapped.net.fabricmc.fabric-api:fabric-screen-handler-api-v1-a5b452c0:1.3.138+946bf4c32c=compileClasspath
remapped.net.fabricmc.fabric-api:fabric-serialization-api-v1-a5b452c0:1.0.0+fc0e5aba2c=compileClasspath
remapped.net.fabricmc.fabric-api:fabric-sound-api-v1-a5b452c0:1.0.42+946bf4c32c=compileClasspath
remapped.net.fabricmc.fabric-api:fabric-tag-api-v1-a5b452c0:1.2.2+946bf4c32c=compileClasspath
remapped.net.fabricmc.fabric-api:fabric-transfer-api-v1-a5b452c0:6.0.6+946bf4c32c=compileClasspath
remapped.net.fabricmc.fabric-api:fabric-transitive-access-wideners-v1-a5b452c0:6.5.0+c847ce762c=compileClasspath
empty=annotationProcessor,includeInternal,modApi,modApiCopy,modApiCopy2,modApiCopy3,modApiCopy4,modCompileOnly,modCompileOnlyApi,modCompileOnlyApiCopy,modCompileOnlyApiCopy2,modCompileOnlyCopy,modCompileOnlyCopy2,modLocalRuntime,modLocalRuntimeCopy,modLocalRuntimeCopy2,modRuntimeOnly,modRuntimeOnlyCopy,modRuntimeOnlyCopy2
