# This is a Gradle generated file for dependency locking.
# Manual edits can break the build and are not advised.
# This file is expected to be part of source control.
com.fasterxml.jackson.core:jackson-annotations:2.18.9=compileClasspath,embeddedRuntime,testCompileClasspath,testRuntimeClasspath
com.fasterxml.jackson.core:jackson-core:2.18.9=compileClasspath,embeddedRuntime,testCompileClasspath,testRuntimeClasspath
com.fasterxml.jackson.core:jackson-databind:2.18.9=compileClasspath,embeddedRuntime,testCompileClasspath,testRuntimeClasspath
com.fasterxml.jackson.datatype:jackson-datatype-jdk8:2.18.9=embeddedRuntime,testRuntimeClasspath
com.fasterxml.jackson.datatype:jackson-datatype-jsr310:2.18.9=embeddedRuntime,testRuntimeClasspath
com.fasterxml.jackson.module:jackson-module-kotlin:2.18.9=embeddedRuntime,testRuntimeClasspath
com.fasterxml.jackson:jackson-bom:2.18.9=compileClasspath,embeddedRuntime,testCompileClasspath,testRuntimeClasspath
com.fasterxml:classmate:1.7.0=embeddedRuntime,testRuntimeClasspath
com.github.victools:jsonschema-generator:4.38.0=embeddedRuntime,testRuntimeClasspath
com.github.victools:jsonschema-module-jackson:4.38.0=embeddedRuntime,testRuntimeClasspath
com.github.victools:jsonschema-module-swagger-2:4.38.0=embeddedRuntime,testRuntimeClasspath
com.google.code.gson:gson:2.11.0=compileClasspath,testCompileClasspath,testRuntimeClasspath
com.google.errorprone:error_prone_annotations:2.33.0=compileClasspath,embeddedRuntime,testCompileClasspath,testRuntimeClasspath
com.openai:openai-java-client-okhttp:4.69.2=compileClasspath,embeddedRuntime,testCompileClasspath,testRuntimeClasspath
com.openai:openai-java-core:4.69.2=compileClasspath,embeddedRuntime,testCompileClasspath,testRuntimeClasspath
com.openai:openai-java:4.69.2=compileClasspath,embeddedRuntime,testCompileClasspath,testRuntimeClasspath
com.squareup.okhttp3:okhttp:4.12.0=embeddedRuntime,testRuntimeClasspath
com.squareup.okio:okio-jvm:3.6.0=embeddedRuntime,testRuntimeClasspath
com.squareup.okio:okio:3.6.0=embeddedRuntime,testRuntimeClasspath
io.swagger.core.v3:swagger-annotations:2.2.31=compileClasspath,embeddedRuntime,testCompileClasspath,testRuntimeClasspath
org.jetbrains.kotlin:kotlin-reflect:1.8.20=embeddedRuntime,testRuntimeClasspath
org.jetbrains.kotlin:kotlin-stdlib-common:1.8.0=compileClasspath,testCompileClasspath
org.jetbrains.kotlin:kotlin-stdlib-common:1.9.10=embeddedRuntime,testRuntimeClasspath
org.jetbrains.kotlin:kotlin-stdlib-jdk7:1.8.0=compileClasspath,testCompileClasspath
org.jetbrains.kotlin:kotlin-stdlib-jdk7:1.9.10=embeddedRuntime,testRuntimeClasspath
org.jetbrains.kotlin:kotlin-stdlib-jdk8:1.8.0=compileClasspath,testCompileClasspath
org.jetbrains.kotlin:kotlin-stdlib-jdk8:1.9.10=embeddedRuntime,testRuntimeClasspath
org.jetbrains.kotlin:kotlin-stdlib:1.8.0=compileClasspath,testCompileClasspath
org.jetbrains.kotlin:kotlin-stdlib:1.9.10=embeddedRuntime,testRuntimeClasspath
org.jetbrains:annotations:13.0=compileClasspath,embeddedRuntime,testCompileClasspath,testRuntimeClasspath
org.slf4j:slf4j-api:2.0.16=embeddedRuntime,testRuntimeClasspath
empty=annotationProcessor,runtimeClasspath,testAnnotationProcessor
